<?xml version="1.0" encoding="UTF-8"?>
<Scheme LastUpgradeVersion="2600" version="1.3">
  <BuildAction parallelizeBuildables="YES" buildImplicitDependencies="YES">
    <BuildActionEntries>
      <BuildActionEntry buildForTesting="YES" buildForRunning="YES" buildForProfiling="YES" buildForArchiving="YES" buildForAnalyzing="YES">
        <BuildableReference BuildableIdentifier="primary" BlueprintIdentifier="105FC5792E9EAD3100EA8BCF" BuildableName="LumenFinance.app" BlueprintName="LumenFinance" ReferencedContainer="container:LumenFinance.xcodeproj"/>
      </BuildActionEntry>
    </BuildActionEntries>
  </BuildAction>
  <TestAction buildConfiguration="Debug" selectedDebuggerIdentifier="Xcode.DebuggerFoundation.Debugger.LLDB" selectedLauncherIdentifier="Xcode.IDEFoundation.Launcher.LLDB" shouldUseLaunchSchemeArgsEnv="YES">
    <Testables>
      <TestableReference skipped="NO" parallelizable="NO">
        <BuildableReference BuildableIdentifier="primary" BlueprintIdentifier="105FC5882E9EAD3200EA8BCF" BuildableName="LumenFinanceTests.xctest" BlueprintName="LumenFinanceTests" ReferencedContainer="container:LumenFinance.xcodeproj"/>
      </TestableReference>
      <TestableReference skipped="NO" parallelizable="NO">
        <BuildableReference BuildableIdentifier="primary" BlueprintIdentifier="105FC5922E9EAD3200EA8BCF" BuildableName="LumenFinanceUITests.xctest" BlueprintName="LumenFinanceUITests" ReferencedContainer="container:LumenFinance.xcodeproj"/>
      </TestableReference>
    </Testables>
  </TestAction>
  <LaunchAction buildConfiguration="Debug" selectedDebuggerIdentifier="Xcode.DebuggerFoundation.Debugger.LLDB" selectedLauncherIdentifier="Xcode.IDEFoundation.Launcher.LLDB" launchStyle="0" useCustomWorkingDirectory="NO" ignoresPersistentStateOnLaunch="NO" debugDocumentVersioning="YES" debugServiceExtension="internal" allowLocationSimulation="YES">
    <BuildableProductRunnable runnableDebuggingMode="0">
      <BuildableReference BuildableIdentifier="primary" BlueprintIdentifier="105FC5792E9EAD3100EA8BCF" BuildableName="LumenFinance.app" BlueprintName="LumenFinance" ReferencedContainer="container:LumenFinance.xcodeproj"/>
    </BuildableProductRunnable>
  </LaunchAction>
  <ProfileAction buildConfiguration="Release" shouldUseLaunchSchemeArgsEnv="YES" savedToolIdentifier="" useCustomWorkingDirectory="NO" debugDocumentVersioning="YES">
    <BuildableProductRunnable runnableDebuggingMode="0">
      <BuildableReference BuildableIdentifier="primary" BlueprintIdentifier="105FC5792E9EAD3100EA8BCF" BuildableName="LumenFinance.app" BlueprintName="LumenFinance" ReferencedContainer="container:LumenFinance.xcodeproj"/>
    </BuildableProductRunnable>
  </ProfileAction>
  <AnalyzeAction buildConfiguration="Debug"/>
  <ArchiveAction buildConfiguration="Release" revealArchiveInOrganizer="YES"/>
</Scheme>
